// !$*UTF8*$!
{
	archiveVersion = 1;
	classes = {
	};
	objectVersion = 46;
	objects = {

/* Begin PBXBuildFile section */
		31F65AFA423146F0A424E02B /* libPods-Diplom.a in Frameworks */ = {isa = PBXBuildFile; fileRef = 69C8A04EA8924043879B451E /* libPods-Diplom.a */; };
		8811D82918F9708A00BA0171 /* RPCreateDiagnosticValuesController.m in Sources */ = {isa = PBXBuildFile; fileRef = 8811D82818F9708A00BA0171 /* RPCreateDiagnosticValuesController.m */; };
		8811D82C18F9725900BA0171 /* RPDiagnosticObject.m in Sources */ = {isa = PBXBuildFile; fileRef = 8811D82B18F9725900BA0171 /* RPDiagnosticObject.m */; };
		88216277190C0D9D008BB0B4 /* RPModelPreviewController.m in Sources */ = {isa = PBXBuildFile; fileRef = 88216275190C0D9D008BB0B4 /* RPModelPreviewController.m */; };
		88216278190C0D9D008BB0B4 /* RPModelPreviewView.xib in Resources */ = {isa = PBXBuildFile; fileRef = 88216276190C0D9D008BB0B4 /* RPModelPreviewView.xib */; };
		8821627C190C0FE3008BB0B4 /* RPModelPreviewModalController.m in Sources */ = {isa = PBXBuildFile; fileRef = 8821627A190C0FE3008BB0B4 /* RPModelPreviewModalController.m */; };
		8821627D190C0FE3008BB0B4 /* RPModelPreviewModalView.xib in Resources */ = {isa = PBXBuildFile; fileRef = 8821627B190C0FE3008BB0B4 /* RPModelPreviewModalView.xib */; };
		88216280190C11A1008BB0B4 /* RPModelPreviewCell.m in Sources */ = {isa = PBXBuildFile; fileRef = 8821627F190C11A1008BB0B4 /* RPModelPreviewCell.m */; };
		88216282190C11BD008BB0B4 /* RPModelPreviewCell.xib in Resources */ = {isa = PBXBuildFile; fileRef = 88216281190C11BD008BB0B4 /* RPModelPreviewCell.xib */; };
		88663CC818F312E4008A796D /* RPCorporativeStandartsController.m in Sources */ = {isa = PBXBuildFile; fileRef = 88663CC618F312E4008A796D /* RPCorporativeStandartsController.m */; };
		88663CC918F312E4008A796D /* RPCorporativeStandartsView.xib in Resources */ = {isa = PBXBuildFile; fileRef = 88663CC718F312E4008A796D /* RPCorporativeStandartsView.xib */; };
		88A0122A189E85600051D570 /* Foundation.framework in Frameworks */ = {isa = PBXBuildFile; fileRef = 88A01229189E85600051D570 /* Foundation.framework */; };
		88A0122C189E85600051D570 /* CoreGraphics.framework in Frameworks */ = {isa = PBXBuildFile; fileRef = 88A0122B189E85600051D570 /* CoreGraphics.framework */; };
		88A0122E189E85600051D570 /* UIKit.framework in Frameworks */ = {isa = PBXBuildFile; fileRef = 88A0122D189E85600051D570 /* UIKit.framework */; };
		88A01234189E85600051D570 /* InfoPlist.strings in Resources */ = {isa = PBXBuildFile; fileRef = 88A01232189E85600051D570 /* InfoPlist.strings */; };
		88A01236189E85600051D570 /* main.m in Sources */ = {isa = PBXBuildFile; fileRef = 88A01235189E85600051D570 /* main.m */; };
		88A0123A189E85600051D570 /* RPAppDelegate.mm in Sources */ = {isa = PBXBuildFile; fileRef = 88A01239189E85600051D570 /* RPAppDelegate.mm */; };
		88A01242189E85600051D570 /* Images.xcassets in Resources */ = {isa = PBXBuildFile; fileRef = 88A01241189E85600051D570 /* Images.xcassets */; };
		88A01249189E85600051D570 /* XCTest.framework in Frameworks */ = {isa = PBXBuildFile; fileRef = 88A01248189E85600051D570 /* XCTest.framework */; };
		88A0124A189E85600051D570 /* Foundation.framework in Frameworks */ = {isa = PBXBuildFile; fileRef = 88A01229189E85600051D570 /* Foundation.framework */; };
		88A0124B189E85600051D570 /* UIKit.framework in Frameworks */ = {isa = PBXBuildFile; fileRef = 88A0122D189E85600051D570 /* UIKit.framework */; };
		88A01262189E86580051D570 /* RPBaseController.m in Sources */ = {isa = PBXBuildFile; fileRef = 88A01260189E86580051D570 /* RPBaseController.m */; };
		88A01263189E86580051D570 /* RPBaseView.xib in Resources */ = {isa = PBXBuildFile; fileRef = 88A01261189E86580051D570 /* RPBaseView.xib */; };
		88A01267189E867F0051D570 /* RPStartController.m in Sources */ = {isa = PBXBuildFile; fileRef = 88A01265189E867F0051D570 /* RPStartController.m */; };
		88A01268189E867F0051D570 /* RPStartView.xib in Resources */ = {isa = PBXBuildFile; fileRef = 88A01266189E867F0051D570 /* RPStartView.xib */; };
		88A0126F189E86E20051D570 /* RPEventHelper.m in Sources */ = {isa = PBXBuildFile; fileRef = 88A0126C189E86E20051D570 /* RPEventHelper.m */; };
		88A01270189E86E20051D570 /* UIColorAdditions.m in Sources */ = {isa = PBXBuildFile; fileRef = 88A0126E189E86E20051D570 /* UIColorAdditions.m */; };
		88A01279189EA08F0051D570 /* segoeui.ttf in Resources */ = {isa = PBXBuildFile; fileRef = 88A01272189EA08F0051D570 /* segoeui.ttf */; };
		88A0127A189EA08F0051D570 /* segoeuib.ttf in Resources */ = {isa = PBXBuildFile; fileRef = 88A01273189EA08F0051D570 /* segoeuib.ttf */; };
		88A0127B189EA08F0051D570 /* segoeuii.ttf in Resources */ = {isa = PBXBuildFile; fileRef = 88A01274189EA08F0051D570 /* segoeuii.ttf */; };
		88A0127C189EA08F0051D570 /* segoeuil.ttf in Resources */ = {isa = PBXBuildFile; fileRef = 88A01275189EA08F0051D570 /* segoeuil.ttf */; };
		88A0127D189EA08F0051D570 /* segoeuisl.ttf in Resources */ = {isa = PBXBuildFile; fileRef = 88A01276189EA08F0051D570 /* segoeuisl.ttf */; };
		88A0127E189EA08F0051D570 /* segoeuiz.ttf in Resources */ = {isa = PBXBuildFile; fileRef = 88A01277189EA08F0051D570 /* segoeuiz.ttf */; };
		88A0127F189EA08F0051D570 /* seguisb.ttf in Resources */ = {isa = PBXBuildFile; fileRef = 88A01278189EA08F0051D570 /* seguisb.ttf */; };
		88A3BFAE18FAA1CA00E975B8 /* RPModel.m in Sources */ = {isa = PBXBuildFile; fileRef = 88A3BFAD18FAA1CA00E975B8 /* RPModel.m */; };
		88A3BFB218FAA81D00E975B8 /* RPSimulationWithoutAIController.m in Sources */ = {isa = PBXBuildFile; fileRef = 88A3BFB018FAA81D00E975B8 /* RPSimulationWithoutAIController.m */; };
		88A3BFB318FAA81D00E975B8 /* RPSimulationWithoutAIView.xib in Resources */ = {isa = PBXBuildFile; fileRef = 88A3BFB118FAA81D00E975B8 /* RPSimulationWithoutAIView.xib */; };
		88A3BFB618FAAD9600E975B8 /* RPMethodPickerController.m in Sources */ = {isa = PBXBuildFile; fileRef = 88A3BFB518FAAD9600E975B8 /* RPMethodPickerController.m */; };
		88A3BFB918FAF9BF00E975B8 /* RPSimulationWithoutAIService.mm in Sources */ = {isa = PBXBuildFile; fileRef = 88A3BFB818FAF9BF00E975B8 /* RPSimulationWithoutAIService.mm */; };
		88A3BFBD18FB0D4500E975B8 /* RPStatesModalController.m in Sources */ = {isa = PBXBuildFile; fileRef = 88A3BFBC18FB0D4500E975B8 /* RPStatesModalController.m */; };
		88A7C01C18FA7E5C00F61293 /* RPEditDiagnosticValueController.m in Sources */ = {isa = PBXBuildFile; fileRef = 88A7C01A18FA7E5C00F61293 /* RPEditDiagnosticValueController.m */; };
		88A7C01D18FA7E5C00F61293 /* RPEditDiagnosticValueView.xib in Resources */ = {isa = PBXBuildFile; fileRef = 88A7C01B18FA7E5C00F61293 /* RPEditDiagnosticValueView.xib */; };
		88AEEDF818B0B4E300597987 /* RPProjectModelController.m in Sources */ = {isa = PBXBuildFile; fileRef = 88AEEDF618B0B4E300597987 /* RPProjectModelController.m */; };
		88AEEDF918B0B4E300597987 /* RPProjectModelView.xib in Resources */ = {isa = PBXBuildFile; fileRef = 88AEEDF718B0B4E300597987 /* RPProjectModelView.xib */; };
		88B72C9E18FD9DEA000EF289 /* RPEtalonController.m in Sources */ = {isa = PBXBuildFile; fileRef = 88B72C9D18FD9DEA000EF289 /* RPEtalonController.m */; };
		88B72CA118FDB0C7000EF289 /* RPSimulationResult.m in Sources */ = {isa = PBXBuildFile; fileRef = 88B72CA018FDB0C7000EF289 /* RPSimulationResult.m */; };
		88B72CA518FDB515000EF289 /* RPSimulationResultCell.m in Sources */ = {isa = PBXBuildFile; fileRef = 88B72CA318FDB515000EF289 /* RPSimulationResultCell.m */; };
		88B72CA618FDB515000EF289 /* RPSimulationResultCell.xib in Resources */ = {isa = PBXBuildFile; fileRef = 88B72CA418FDB515000EF289 /* RPSimulationResultCell.xib */; };
		88E5398D18FA8DC00086DACD /* RPDiagnosticState.m in Sources */ = {isa = PBXBuildFile; fileRef = 88E5398C18FA8DC00086DACD /* RPDiagnosticState.m */; };
		88EA100418F95FDA00446348 /* RPBaseModalController.m in Sources */ = {isa = PBXBuildFile; fileRef = 88EA100318F95FDA00446348 /* RPBaseModalController.m */; };
		88EA100718F9694500446348 /* RPDatePickerModalController.m in Sources */ = {isa = PBXBuildFile; fileRef = 88EA100618F9694500446348 /* RPDatePickerModalController.m */; };
		88FF43C01916BC9200EDA995 /* RPCompareSimulationsController.m in Sources */ = {isa = PBXBuildFile; fileRef = 88FF43BE1916BC9200EDA995 /* RPCompareSimulationsController.m */; };
		88FF43C11916BC9200EDA995 /* RPCompareSimulationsView.xib in Resources */ = {isa = PBXBuildFile; fileRef = 88FF43BF1916BC9200EDA995 /* RPCompareSimulationsView.xib */; };
/* End PBXBuildFile section */

/* Begin PBXContainerItemProxy section */
		88A0124C189E85600051D570 /* PBXContainerItemProxy */ = {
			isa = PBXContainerItemProxy;
			containerPortal = 88A0121E189E85600051D570 /* Project object */;
			proxyType = 1;
			remoteGlobalIDString = 88A01225189E85600051D570;
			remoteInfo = Diplom;
		};
/* End PBXContainerItemProxy section */

/* Begin PBXFileReference section */
		69C8A04EA8924043879B451E /* libPods-Diplom.a */ = {isa = PBXFileReference; explicitFileType = archive.ar; includeInIndex = 0; path = "libPods-Diplom.a"; sourceTree = BUILT_PRODUCTS_DIR; };
		8811D82718F9708A00BA0171 /* RPCreateDiagnosticValuesController.h */ = {isa = PBXFileReference; fileEncoding = 4; lastKnownFileType = sourcecode.c.h; path = RPCreateDiagnosticValuesController.h; sourceTree = "<group>"; };
		8811D82818F9708A00BA0171 /* RPCreateDiagnosticValuesController.m */ = {isa = PBXFileReference; fileEncoding = 4; lastKnownFileType = sourcecode.c.objc; path = RPCreateDiagnosticValuesController.m; sourceTree = "<group>"; };
		8811D82A18F9725900BA0171 /* RPDiagnosticObject.h */ = {isa = PBXFileReference; fileEncoding = 4; lastKnownFileType = sourcecode.c.h; path = RPDiagnosticObject.h; sourceTree = "<group>"; };
		8811D82B18F9725900BA0171 /* RPDiagnosticObject.m */ = {isa = PBXFileReference; fileEncoding = 4; lastKnownFileType = sourcecode.c.objc; path = RPDiagnosticObject.m; sourceTree = "<group>"; };
		88216274190C0D9D008BB0B4 /* RPModelPreviewController.h */ = {isa = PBXFileReference; fileEncoding = 4; lastKnownFileType = sourcecode.c.h; path = RPModelPreviewController.h; sourceTree = "<group>"; };
		88216275190C0D9D008BB0B4 /* RPModelPreviewController.m */ = {isa = PBXFileReference; fileEncoding = 4; lastKnownFileType = sourcecode.c.objc; path = RPModelPreviewController.m; sourceTree = "<group>"; };
		88216276190C0D9D008BB0B4 /* RPModelPreviewView.xib */ = {isa = PBXFileReference; fileEncoding = 4; lastKnownFileType = file.xib; name = RPModelPreviewView.xib; path = ../Controllers/RPModelPreviewView.xib; sourceTree = "<group>"; };
		88216279190C0FE3008BB0B4 /* RPModelPreviewModalController.h */ = {isa = PBXFileReference; fileEncoding = 4; lastKnownFileType = sourcecode.c.h; path = RPModelPreviewModalController.h; sourceTree = "<group>"; };
		8821627A190C0FE3008BB0B4 /* RPModelPreviewModalController.m */ = {isa = PBXFileReference; fileEncoding = 4; lastKnownFileType = sourcecode.c.objc; path = RPModelPreviewModalController.m; sourceTree = "<group>"; };
		8821627B190C0FE3008BB0B4 /* RPModelPreviewModalView.xib */ = {isa = PBXFileReference; fileEncoding = 4; lastKnownFileType = file.xib; name = RPModelPreviewModalView.xib; path = ../Controllers/RPModelPreviewModalView.xib; sourceTree = "<group>"; };
		8821627E190C11A1008BB0B4 /* RPModelPreviewCell.h */ = {isa = PBXFileReference; fileEncoding = 4; lastKnownFileType = sourcecode.c.h; path = RPModelPreviewCell.h; sourceTree = "<group>"; };
		8821627F190C11A1008BB0B4 /* RPModelPreviewCell.m */ = {isa = PBXFileReference; fileEncoding = 4; lastKnownFileType = sourcecode.c.objc; path = RPModelPreviewCell.m; sourceTree = "<group>"; };
		88216281190C11BD008BB0B4 /* RPModelPreviewCell.xib */ = {isa = PBXFileReference; fileEncoding = 4; lastKnownFileType = file.xib; path = RPModelPreviewCell.xib; sourceTree = "<group>"; };
		88663CC518F312E4008A796D /* RPCorporativeStandartsController.h */ = {isa = PBXFileReference; fileEncoding = 4; lastKnownFileType = sourcecode.c.h; path = RPCorporativeStandartsController.h; sourceTree = "<group>"; };
		88663CC618F312E4008A796D /* RPCorporativeStandartsController.m */ = {isa = PBXFileReference; fileEncoding = 4; lastKnownFileType = sourcecode.c.objc; path = RPCorporativeStandartsController.m; sourceTree = "<group>"; };
		88663CC718F312E4008A796D /* RPCorporativeStandartsView.xib */ = {isa = PBXFileReference; fileEncoding = 4; lastKnownFileType = file.xib; name = RPCorporativeStandartsView.xib; path = ../Controllers/RPCorporativeStandartsView.xib; sourceTree = "<group>"; };
		88A01226189E85600051D570 /* Diplom.app */ = {isa = PBXFileReference; explicitFileType = wrapper.application; includeInIndex = 0; path = Diplom.app; sourceTree = BUILT_PRODUCTS_DIR; };
		88A01229189E85600051D570 /* Foundation.framework */ = {isa = PBXFileReference; lastKnownFileType = wrapper.framework; name = Foundation.framework; path = System/Library/Frameworks/Foundation.framework; sourceTree = SDKROOT; };
		88A0122B189E85600051D570 /* CoreGraphics.framework */ = {isa = PBXFileReference; lastKnownFileType = wrapper.framework; name = CoreGraphics.framework; path = System/Library/Frameworks/CoreGraphics.framework; sourceTree = SDKROOT; };
		88A0122D189E85600051D570 /* UIKit.framework */ = {isa = PBXFileReference; lastKnownFileType = wrapper.framework; name = UIKit.framework; path = System/Library/Frameworks/UIKit.framework; sourceTree = SDKROOT; };
		88A01231189E85600051D570 /* Diplom-Info.plist */ = {isa = PBXFileReference; lastKnownFileType = text.plist.xml; path = "Diplom-Info.plist"; sourceTree = "<group>"; };
		88A01233189E85600051D570 /* en */ = {isa = PBXFileReference; lastKnownFileType = text.plist.strings; name = en; path = en.lproj/InfoPlist.strings; sourceTree = "<group>"; };
		88A01235189E85600051D570 /* main.m */ = {isa = PBXFileReference; lastKnownFileType = sourcecode.c.objc; path = main.m; sourceTree = "<group>"; };
		88A01237189E85600051D570 /* Diplom-Prefix.pch */ = {isa = PBXFileReference; lastKnownFileType = sourcecode.c.h; path = "Diplom-Prefix.pch"; sourceTree = "<group>"; };
		88A01238189E85600051D570 /* RPAppDelegate.h */ = {isa = PBXFileReference; lastKnownFileType = sourcecode.c.h; path = RPAppDelegate.h; sourceTree = "<group>"; };
		88A01239189E85600051D570 /* RPAppDelegate.mm */ = {isa = PBXFileReference; lastKnownFileType = sourcecode.cpp.objcpp; path = RPAppDelegate.mm; sourceTree = "<group>"; };
		88A01241189E85600051D570 /* Images.xcassets */ = {isa = PBXFileReference; lastKnownFileType = folder.assetcatalog; path = Images.xcassets; sourceTree = "<group>"; };
		88A01247189E85600051D570 /* DiplomTests.xctest */ = {isa = PBXFileReference; explicitFileType = wrapper.cfbundle; includeInIndex = 0; path = DiplomTests.xctest; sourceTree = BUILT_PRODUCTS_DIR; };
		88A01248189E85600051D570 /* XCTest.framework */ = {isa = PBXFileReference; lastKnownFileType = wrapper.framework; name = XCTest.framework; path = Library/Frameworks/XCTest.framework; sourceTree = DEVELOPER_DIR; };
		88A0125F189E86580051D570 /* RPBaseController.h */ = {isa = PBXFileReference; fileEncoding = 4; lastKnownFileType = sourcecode.c.h; path = RPBaseController.h; sourceTree = "<group>"; };
		88A01260189E86580051D570 /* RPBaseController.m */ = {isa = PBXFileReference; fileEncoding = 4; lastKnownFileType = sourcecode.c.objc; path = RPBaseController.m; sourceTree = "<group>"; };
		88A01261189E86580051D570 /* RPBaseView.xib */ = {isa = PBXFileReference; fileEncoding = 4; lastKnownFileType = file.xib; name = RPBaseView.xib; path = ../Controllers/RPBaseView.xib; sourceTree = "<group>"; };
		88A01264189E867F0051D570 /* RPStartController.h */ = {isa = PBXFileReference; fileEncoding = 4; lastKnownFileType = sourcecode.c.h; path = RPStartController.h; sourceTree = "<group>"; };
		88A01265189E867F0051D570 /* RPStartController.m */ = {isa = PBXFileReference; fileEncoding = 4; lastKnownFileType = sourcecode.c.objc; path = RPStartController.m; sourceTree = "<group>"; };
		88A01266189E867F0051D570 /* RPStartView.xib */ = {isa = PBXFileReference; fileEncoding = 4; lastKnownFileType = file.xib; name = RPStartView.xib; path = ../Controllers/RPStartView.xib; sourceTree = "<group>"; };
		88A0126B189E86E20051D570 /* RPEventHelper.h */ = {isa = PBXFileReference; fileEncoding = 4; lastKnownFileType = sourcecode.c.h; path = RPEventHelper.h; sourceTree = "<group>"; };
		88A0126C189E86E20051D570 /* RPEventHelper.m */ = {isa = PBXFileReference; fileEncoding = 4; lastKnownFileType = sourcecode.c.objc; path = RPEventHelper.m; sourceTree = "<group>"; };
		88A0126D189E86E20051D570 /* UIColorAdditions.h */ = {isa = PBXFileReference; fileEncoding = 4; lastKnownFileType = sourcecode.c.h; path = UIColorAdditions.h; sourceTree = "<group>"; };
		88A0126E189E86E20051D570 /* UIColorAdditions.m */ = {isa = PBXFileReference; fileEncoding = 4; lastKnownFileType = sourcecode.c.objc; path = UIColorAdditions.m; sourceTree = "<group>"; };
		88A01272189EA08F0051D570 /* segoeui.ttf */ = {isa = PBXFileReference; lastKnownFileType = file; path = segoeui.ttf; sourceTree = "<group>"; };
		88A01273189EA08F0051D570 /* segoeuib.ttf */ = {isa = PBXFileReference; lastKnownFileType = file; path = segoeuib.ttf; sourceTree = "<group>"; };
		88A01274189EA08F0051D570 /* segoeuii.ttf */ = {isa = PBXFileReference; lastKnownFileType = file; path = segoeuii.ttf; sourceTree = "<group>"; };
		88A01275189EA08F0051D570 /* segoeuil.ttf */ = {isa = PBXFileReference; lastKnownFileType = file; path = segoeuil.ttf; sourceTree = "<group>"; };
		88A01276189EA08F0051D570 /* segoeuisl.ttf */ = {isa = PBXFileReference; lastKnownFileType = file; path = segoeuisl.ttf; sourceTree = "<group>"; };
		88A01277189EA08F0051D570 /* segoeuiz.ttf */ = {isa = PBXFileReference; lastKnownFileType = file; path = segoeuiz.ttf; sourceTree = "<group>"; };
		88A01278189EA08F0051D570 /* seguisb.ttf */ = {isa = PBXFileReference; lastKnownFileType = file; path = seguisb.ttf; sourceTree = "<group>"; };
		88A3BFAC18FAA1CA00E975B8 /* RPModel.h */ = {isa = PBXFileReference; fileEncoding = 4; lastKnownFileType = sourcecode.c.h; path = RPModel.h; sourceTree = "<group>"; };
		88A3BFAD18FAA1CA00E975B8 /* RPModel.m */ = {isa = PBXFileReference; fileEncoding = 4; lastKnownFileType = sourcecode.c.objc; path = RPModel.m; sourceTree = "<group>"; };
		88A3BFAF18FAA81D00E975B8 /* RPSimulationWithoutAIController.h */ = {isa = PBXFileReference; fileEncoding = 4; lastKnownFileType = sourcecode.c.h; path = RPSimulationWithoutAIController.h; sourceTree = "<group>"; };
		88A3BFB018FAA81D00E975B8 /* RPSimulationWithoutAIController.m */ = {isa = PBXFileReference; fileEncoding = 4; lastKnownFileType = sourcecode.c.objc; path = RPSimulationWithoutAIController.m; sourceTree = "<group>"; };
		88A3BFB118FAA81D00E975B8 /* RPSimulationWithoutAIView.xib */ = {isa = PBXFileReference; fileEncoding = 4; lastKnownFileType = file.xib; name = RPSimulationWithoutAIView.xib; path = ../Controllers/RPSimulationWithoutAIView.xib; sourceTree = "<group>"; };
		88A3BFB418FAAD9600E975B8 /* RPMethodPickerController.h */ = {isa = PBXFileReference; fileEncoding = 4; lastKnownFileType = sourcecode.c.h; path = RPMethodPickerController.h; sourceTree = "<group>"; };
		88A3BFB518FAAD9600E975B8 /* RPMethodPickerController.m */ = {isa = PBXFileReference; fileEncoding = 4; lastKnownFileType = sourcecode.c.objc; path = RPMethodPickerController.m; sourceTree = "<group>"; };
		88A3BFB718FAF9BF00E975B8 /* RPSimulationWithoutAIService.h */ = {isa = PBXFileReference; fileEncoding = 4; lastKnownFileType = sourcecode.c.h; path = RPSimulationWithoutAIService.h; sourceTree = "<group>"; };
		88A3BFB818FAF9BF00E975B8 /* RPSimulationWithoutAIService.mm */ = {isa = PBXFileReference; fileEncoding = 4; lastKnownFileType = sourcecode.cpp.objcpp; path = RPSimulationWithoutAIService.mm; sourceTree = "<group>"; };
		88A3BFBB18FB0D4500E975B8 /* RPStatesModalController.h */ = {isa = PBXFileReference; fileEncoding = 4; lastKnownFileType = sourcecode.c.h; path = RPStatesModalController.h; sourceTree = "<group>"; };
		88A3BFBC18FB0D4500E975B8 /* RPStatesModalController.m */ = {isa = PBXFileReference; fileEncoding = 4; lastKnownFileType = sourcecode.c.objc; path = RPStatesModalController.m; sourceTree = "<group>"; };
		88A7C01918FA7E5C00F61293 /* RPEditDiagnosticValueController.h */ = {isa = PBXFileReference; fileEncoding = 4; lastKnownFileType = sourcecode.c.h; path = RPEditDiagnosticValueController.h; sourceTree = "<group>"; };
		88A7C01A18FA7E5C00F61293 /* RPEditDiagnosticValueController.m */ = {isa = PBXFileReference; fileEncoding = 4; lastKnownFileType = sourcecode.c.objc; path = RPEditDiagnosticValueController.m; sourceTree = "<group>"; };
		88A7C01B18FA7E5C00F61293 /* RPEditDiagnosticValueView.xib */ = {isa = PBXFileReference; fileEncoding = 4; lastKnownFileType = file.xib; name = RPEditDiagnosticValueView.xib; path = ../Controllers/RPEditDiagnosticValueView.xib; sourceTree = "<group>"; };
		88AEEDF518B0B4E300597987 /* RPProjectModelController.h */ = {isa = PBXFileReference; fileEncoding = 4; lastKnownFileType = sourcecode.c.h; path = RPProjectModelController.h; sourceTree = "<group>"; };
		88AEEDF618B0B4E300597987 /* RPProjectModelController.m */ = {isa = PBXFileReference; fileEncoding = 4; lastKnownFileType = sourcecode.c.objc; path = RPProjectModelController.m; sourceTree = "<group>"; };
		88AEEDF718B0B4E300597987 /* RPProjectModelView.xib */ = {isa = PBXFileReference; fileEncoding = 4; lastKnownFileType = file.xib; name = RPProjectModelView.xib; path = ../Controllers/RPProjectModelView.xib; sourceTree = "<group>"; };
		88B72C9C18FD9DEA000EF289 /* RPEtalonController.h */ = {isa = PBXFileReference; fileEncoding = 4; lastKnownFileType = sourcecode.c.h; path = RPEtalonController.h; sourceTree = "<group>"; };
		88B72C9D18FD9DEA000EF289 /* RPEtalonController.m */ = {isa = PBXFileReference; fileEncoding = 4; lastKnownFileType = sourcecode.c.objc; path = RPEtalonController.m; sourceTree = "<group>"; };
		88B72C9F18FDB0C7000EF289 /* RPSimulationResult.h */ = {isa = PBXFileReference; fileEncoding = 4; lastKnownFileType = sourcecode.c.h; path = RPSimulationResult.h; sourceTree = "<group>"; };
		88B72CA018FDB0C7000EF289 /* RPSimulationResult.m */ = {isa = PBXFileReference; fileEncoding = 4; lastKnownFileType = sourcecode.c.objc; path = RPSimulationResult.m; sourceTree = "<group>"; };
		88B72CA218FDB515000EF289 /* RPSimulationResultCell.h */ = {isa = PBXFileReference; fileEncoding = 4; lastKnownFileType = sourcecode.c.h; path = RPSimulationResultCell.h; sourceTree = "<group>"; };
		88B72CA318FDB515000EF289 /* RPSimulationResultCell.m */ = {isa = PBXFileReference; fileEncoding = 4; lastKnownFileType = sourcecode.c.objc; path = RPSimulationResultCell.m; sourceTree = "<group>"; };
		88B72CA418FDB515000EF289 /* RPSimulationResultCell.xib */ = {isa = PBXFileReference; fileEncoding = 4; lastKnownFileType = file.xib; path = RPSimulationResultCell.xib; sourceTree = "<group>"; };
		88E5398B18FA8DC00086DACD /* RPDiagnosticState.h */ = {isa = PBXFileReference; fileEncoding = 4; lastKnownFileType = sourcecode.c.h; path = RPDiagnosticState.h; sourceTree = "<group>"; };
		88E5398C18FA8DC00086DACD /* RPDiagnosticState.m */ = {isa = PBXFileReference; fileEncoding = 4; lastKnownFileType = sourcecode.c.objc; path = RPDiagnosticState.m; sourceTree = "<group>"; };
		88EA100218F95FDA00446348 /* RPBaseModalController.h */ = {isa = PBXFileReference; fileEncoding = 4; lastKnownFileType = sourcecode.c.h; path = RPBaseModalController.h; sourceTree = "<group>"; };
		88EA100318F95FDA00446348 /* RPBaseModalController.m */ = {isa = PBXFileReference; fileEncoding = 4; lastKnownFileType = sourcecode.c.objc; path = RPBaseModalController.m; sourceTree = "<group>"; };
		88EA100518F9694500446348 /* RPDatePickerModalController.h */ = {isa = PBXFileReference; fileEncoding = 4; lastKnownFileType = sourcecode.c.h; path = RPDatePickerModalController.h; sourceTree = "<group>"; };
		88EA100618F9694500446348 /* RPDatePickerModalController.m */ = {isa = PBXFileReference; fileEncoding = 4; lastKnownFileType = sourcecode.c.objc; path = RPDatePickerModalController.m; sourceTree = "<group>"; };
		88FF43BD1916BC9200EDA995 /* RPCompareSimulationsController.h */ = {isa = PBXFileReference; fileEncoding = 4; lastKnownFileType = sourcecode.c.h; path = RPCompareSimulationsController.h; sourceTree = "<group>"; };
		88FF43BE1916BC9200EDA995 /* RPCompareSimulationsController.m */ = {isa = PBXFileReference; fileEncoding = 4; lastKnownFileType = sourcecode.c.objc; path = RPCompareSimulationsController.m; sourceTree = "<group>"; };
		88FF43BF1916BC9200EDA995 /* RPCompareSimulationsView.xib */ = {isa = PBXFileReference; fileEncoding = 4; lastKnownFileType = file.xib; name = RPCompareSimulationsView.xib; path = ../Controllers/RPCompareSimulationsView.xib; sourceTree = "<group>"; };
		DBEE337D87C6481CA643EB2C /* Pods-Diplom.xcconfig */ = {isa = PBXFileReference; includeInIndex = 1; lastKnownFileType = text.xcconfig; name = "Pods-Diplom.xcconfig"; path = "Pods/Pods-Diplom.xcconfig"; sourceTree = "<group>"; };
/* End PBXFileReference section */

/* Begin PBXFrameworksBuildPhase section */
		88A01223189E85600051D570 /* Frameworks */ = {
			isa = PBXFrameworksBuildPhase;
			buildActionMask = 2147483647;
			files = (
				88A0122C189E85600051D570 /* CoreGraphics.framework in Frameworks */,
				88A0122E189E85600051D570 /* UIKit.framework in Frameworks */,
				88A0122A189E85600051D570 /* Foundation.framework in Frameworks */,
				31F65AFA423146F0A424E02B /* libPods-Diplom.a in Frameworks */,
			);
			runOnlyForDeploymentPostprocessing = 0;
		};
		88A01244189E85600051D570 /* Frameworks */ = {
			isa = PBXFrameworksBuildPhase;
			buildActionMask = 2147483647;
			files = (
				88A01249189E85600051D570 /* XCTest.framework in Frameworks */,
				88A0124B189E85600051D570 /* UIKit.framework in Frameworks */,
				88A0124A189E85600051D570 /* Foundation.framework in Frameworks */,
			);
			runOnlyForDeploymentPostprocessing = 0;
		};
/* End PBXFrameworksBuildPhase section */

/* Begin PBXGroup section */
		8811D82D18F9726100BA0171 /* Models */ = {
			isa = PBXGroup;
			children = (
				8811D82A18F9725900BA0171 /* RPDiagnosticObject.h */,
				8811D82B18F9725900BA0171 /* RPDiagnosticObject.m */,
				88E5398B18FA8DC00086DACD /* RPDiagnosticState.h */,
				88E5398C18FA8DC00086DACD /* RPDiagnosticState.m */,
				88A3BFAC18FAA1CA00E975B8 /* RPModel.h */,
				88A3BFAD18FAA1CA00E975B8 /* RPModel.m */,
				88B72C9F18FDB0C7000EF289 /* RPSimulationResult.h */,
				88B72CA018FDB0C7000EF289 /* RPSimulationResult.m */,
			);
			name = Models;
			sourceTree = "<group>";
		};
		88A0121D189E85600051D570 = {
			isa = PBXGroup;
			children = (
				88A0122F189E85600051D570 /* Diplom */,
				88A01228189E85600051D570 /* Frameworks */,
				88A01227189E85600051D570 /* Products */,
				DBEE337D87C6481CA643EB2C /* Pods-Diplom.xcconfig */,
			);
			sourceTree = "<group>";
		};
		88A01227189E85600051D570 /* Products */ = {
			isa = PBXGroup;
			children = (
				88A01226189E85600051D570 /* Diplom.app */,
				88A01247189E85600051D570 /* DiplomTests.xctest */,
			);
			name = Products;
			sourceTree = "<group>";
		};
		88A01228189E85600051D570 /* Frameworks */ = {
			isa = PBXGroup;
			children = (
				88A01229189E85600051D570 /* Foundation.framework */,
				88A0122B189E85600051D570 /* CoreGraphics.framework */,
				88A0122D189E85600051D570 /* UIKit.framework */,
				88A01248189E85600051D570 /* XCTest.framework */,
				69C8A04EA8924043879B451E /* libPods-Diplom.a */,
			);
			name = Frameworks;
			sourceTree = "<group>";
		};
		88A0122F189E85600051D570 /* Diplom */ = {
			isa = PBXGroup;
			children = (
				88A3BFBA18FAF9C900E975B8 /* Services */,
				8811D82D18F9726100BA0171 /* Models */,
				88A0126A189E86E20051D570 /* Helpers */,
				88A01269189E868B0051D570 /* Views */,
				88A0125E189E86420051D570 /* Controllers */,
				88A01238189E85600051D570 /* RPAppDelegate.h */,
				88A01239189E85600051D570 /* RPAppDelegate.mm */,
				88A01241189E85600051D570 /* Images.xcassets */,
				88A01230189E85600051D570 /* Supporting Files */,
			);
			path = Diplom;
			sourceTree = "<group>";
		};
		88A01230189E85600051D570 /* Supporting Files */ = {
			isa = PBXGroup;
			children = (
				88A01271189EA0840051D570 /* Fonts */,
				88A01231189E85600051D570 /* Diplom-Info.plist */,
				88A01232189E85600051D570 /* InfoPlist.strings */,
				88A01235189E85600051D570 /* main.m */,
				88A01237189E85600051D570 /* Diplom-Prefix.pch */,
			);
			name = "Supporting Files";
			sourceTree = "<group>";
		};
		88A0125E189E86420051D570 /* Controllers */ = {
			isa = PBXGroup;
			children = (
				88A0125F189E86580051D570 /* RPBaseController.h */,
				88A01260189E86580051D570 /* RPBaseController.m */,
				88EA100218F95FDA00446348 /* RPBaseModalController.h */,
				88EA100318F95FDA00446348 /* RPBaseModalController.m */,
				88A01264189E867F0051D570 /* RPStartController.h */,
				88A01265189E867F0051D570 /* RPStartController.m */,
				88AEEDF518B0B4E300597987 /* RPProjectModelController.h */,
				88AEEDF618B0B4E300597987 /* RPProjectModelController.m */,
				88663CC518F312E4008A796D /* RPCorporativeStandartsController.h */,
				88663CC618F312E4008A796D /* RPCorporativeStandartsController.m */,
				88EA100518F9694500446348 /* RPDatePickerModalController.h */,
				88EA100618F9694500446348 /* RPDatePickerModalController.m */,
				8811D82718F9708A00BA0171 /* RPCreateDiagnosticValuesController.h */,
				8811D82818F9708A00BA0171 /* RPCreateDiagnosticValuesController.m */,
				88A7C01918FA7E5C00F61293 /* RPEditDiagnosticValueController.h */,
				88A7C01A18FA7E5C00F61293 /* RPEditDiagnosticValueController.m */,
				88A3BFAF18FAA81D00E975B8 /* RPSimulationWithoutAIController.h */,
				88A3BFB018FAA81D00E975B8 /* RPSimulationWithoutAIController.m */,
				88A3BFB418FAAD9600E975B8 /* RPMethodPickerController.h */,
				88A3BFB518FAAD9600E975B8 /* RPMethodPickerController.m */,
				88A3BFBB18FB0D4500E975B8 /* RPStatesModalController.h */,
				88A3BFBC18FB0D4500E975B8 /* RPStatesModalController.m */,
				88B72C9C18FD9DEA000EF289 /* RPEtalonController.h */,
				88B72C9D18FD9DEA000EF289 /* RPEtalonController.m */,
				88216274190C0D9D008BB0B4 /* RPModelPreviewController.h */,
				88216275190C0D9D008BB0B4 /* RPModelPreviewController.m */,
				88216279190C0FE3008BB0B4 /* RPModelPreviewModalController.h */,
				8821627A190C0FE3008BB0B4 /* RPModelPreviewModalController.m */,
				88FF43BD1916BC9200EDA995 /* RPCompareSimulationsController.h */,
				88FF43BE1916BC9200EDA995 /* RPCompareSimulationsController.m */,
				88B72CA718FDB519000EF289 /* Cell */,
			);
			path = Controllers;
			sourceTree = "<group>";
		};
		88A01269189E868B0051D570 /* Views */ = {
			isa = PBXGroup;
			children = (
				88A01261189E86580051D570 /* RPBaseView.xib */,
				88A01266189E867F0051D570 /* RPStartView.xib */,
				88AEEDF718B0B4E300597987 /* RPProjectModelView.xib */,
				88663CC718F312E4008A796D /* RPCorporativeStandartsView.xib */,
				88A7C01B18FA7E5C00F61293 /* RPEditDiagnosticValueView.xib */,
				88A3BFB118FAA81D00E975B8 /* RPSimulationWithoutAIView.xib */,
				88216276190C0D9D008BB0B4 /* RPModelPreviewView.xib */,
				8821627B190C0FE3008BB0B4 /* RPModelPreviewModalView.xib */,
				88FF43BF1916BC9200EDA995 /* RPCompareSimulationsView.xib */,
			);
			path = Views;
			sourceTree = "<group>";
		};
		88A0126A189E86E20051D570 /* Helpers */ = {
			isa = PBXGroup;
			children = (
				88A0126B189E86E20051D570 /* RPEventHelper.h */,
				88A0126C189E86E20051D570 /* RPEventHelper.m */,
				88A0126D189E86E20051D570 /* UIColorAdditions.h */,
				88A0126E189E86E20051D570 /* UIColorAdditions.m */,
			);
			path = Helpers;
			sourceTree = "<group>";
		};
		88A01271189EA0840051D570 /* Fonts */ = {
			isa = PBXGroup;
			children = (
				88A01272189EA08F0051D570 /* segoeui.ttf */,
				88A01273189EA08F0051D570 /* segoeuib.ttf */,
				88A01274189EA08F0051D570 /* segoeuii.ttf */,
				88A01275189EA08F0051D570 /* segoeuil.ttf */,
				88A01276189EA08F0051D570 /* segoeuisl.ttf */,
				88A01277189EA08F0051D570 /* segoeuiz.ttf */,
				88A01278189EA08F0051D570 /* seguisb.ttf */,
			);
			name = Fonts;
			sourceTree = "<group>";
		};
		88A3BFBA18FAF9C900E975B8 /* Services */ = {
			isa = PBXGroup;
			children = (
				88A3BFB718FAF9BF00E975B8 /* RPSimulationWithoutAIService.h */,
				88A3BFB818FAF9BF00E975B8 /* RPSimulationWithoutAIService.mm */,
			);
			name = Services;
			sourceTree = "<group>";
		};
		88B72CA718FDB519000EF289 /* Cell */ = {
			isa = PBXGroup;
			children = (
				88B72CA218FDB515000EF289 /* RPSimulationResultCell.h */,
				88B72CA318FDB515000EF289 /* RPSimulationResultCell.m */,
				88B72CA418FDB515000EF289 /* RPSimulationResultCell.xib */,
				8821627E190C11A1008BB0B4 /* RPModelPreviewCell.h */,
				8821627F190C11A1008BB0B4 /* RPModelPreviewCell.m */,
				88216281190C11BD008BB0B4 /* RPModelPreviewCell.xib */,
			);
			name = Cell;
			sourceTree = "<group>";
		};
/* End PBXGroup section */

/* Begin PBXNativeTarget section */
		88A01225189E85600051D570 /* Diplom */ = {
			isa = PBXNativeTarget;
			buildConfigurationList = 88A01258189E85600051D570 /* Build configuration list for PBXNativeTarget "Diplom" */;
			buildPhases = (
				D4A90D3097F6440688136D76 /* Check Pods Manifest.lock */,
				88A01222189E85600051D570 /* Sources */,
				88A01223189E85600051D570 /* Frameworks */,
				88A01224189E85600051D570 /* Resources */,
				EF7559A3DEA34067842B766C /* Copy Pods Resources */,
			);
			buildRules = (
			);
			dependencies = (
			);
			name = Diplom;
			productName = Diplom;
			productReference = 88A01226189E85600051D570 /* Diplom.app */;
			productType = "com.apple.product-type.application";
		};
		88A01246189E85600051D570 /* DiplomTests */ = {
			isa = PBXNativeTarget;
			buildConfigurationList = 88A0125B189E85600051D570 /* Build configuration list for PBXNativeTarget "DiplomTests" */;
			buildPhases = (
				88A01243189E85600051D570 /* Sources */,
				88A01244189E85600051D570 /* Frameworks */,
				88A01245189E85600051D570 /* Resources */,
			);
			buildRules = (
			);
			dependencies = (
				88A0124D189E85600051D570 /* PBXTargetDependency */,
			);
			name = DiplomTests;
			productName = DiplomTests;
			productReference = 88A01247189E85600051D570 /* DiplomTests.xctest */;
			productType = "com.apple.product-type.bundle.unit-test";
		};
/* End PBXNativeTarget section */

/* Begin PBXProject section */
		88A0121E189E85600051D570 /* Project object */ = {
			isa = PBXProject;
			attributes = {
				CLASSPREFIX = RP;
				LastUpgradeCheck = 0500;
				ORGANIZATIONNAME = BSU;
				TargetAttributes = {
					88A01246189E85600051D570 = {
						TestTargetID = 88A01225189E85600051D570;
					};
				};
			};
			buildConfigurationList = 88A01221189E85600051D570 /* Build configuration list for PBXProject "Diplom" */;
			compatibilityVersion = "Xcode 3.2";
			developmentRegion = English;
			hasScannedForEncodings = 0;
			knownRegions = (
				en,
				Base,
			);
			mainGroup = 88A0121D189E85600051D570;
			productRefGroup = 88A01227189E85600051D570 /* Products */;
			projectDirPath = "";
			projectRoot = "";
			targets = (
				88A01225189E85600051D570 /* Diplom */,
				88A01246189E85600051D570 /* DiplomTests */,
			);
		};
/* End PBXProject section */

/* Begin PBXResourcesBuildPhase section */
		88A01224189E85600051D570 /* Resources */ = {
			isa = PBXResourcesBuildPhase;
			buildActionMask = 2147483647;
			files = (
				88A01242189E85600051D570 /* Images.xcassets in Resources */,
				88B72CA618FDB515000EF289 /* RPSimulationResultCell.xib in Resources */,
				88216278190C0D9D008BB0B4 /* RPModelPreviewView.xib in Resources */,
				88A01263189E86580051D570 /* RPBaseView.xib in Resources */,
				88A01279189EA08F0051D570 /* segoeui.ttf in Resources */,
				88663CC918F312E4008A796D /* RPCorporativeStandartsView.xib in Resources */,
				88A3BFB318FAA81D00E975B8 /* RPSimulationWithoutAIView.xib in Resources */,
				88A7C01D18FA7E5C00F61293 /* RPEditDiagnosticValueView.xib in Resources */,
				8821627D190C0FE3008BB0B4 /* RPModelPreviewModalView.xib in Resources */,
				88A0127B189EA08F0051D570 /* segoeuii.ttf in Resources */,
				88A0127A189EA08F0051D570 /* segoeuib.ttf in Resources */,
				88A0127C189EA08F0051D570 /* segoeuil.ttf in Resources */,
				88FF43C11916BC9200EDA995 /* RPCompareSimulationsView.xib in Resources */,
				88A0127D189EA08F0051D570 /* segoeuisl.ttf in Resources */,
				88AEEDF918B0B4E300597987 /* RPProjectModelView.xib in Resources */,
				88A0127E189EA08F0051D570 /* segoeuiz.ttf in Resources */,
				88A01268189E867F0051D570 /* RPStartView.xib in Resources */,
				88216282190C11BD008BB0B4 /* RPModelPreviewCell.xib in Resources */,
				88A0127F189EA08F0051D570 /* seguisb.ttf in Resources */,
				88A01234189E85600051D570 /* InfoPlist.strings in Resources */,
			);
			runOnlyForDeploymentPostprocessing = 0;
		};
		88A01245189E85600051D570 /* Resources */ = {
			isa = PBXResourcesBuildPhase;
			buildActionMask = 2147483647;
			files = (
			);
			runOnlyForDeploymentPostprocessing = 0;
		};
/* End PBXResourcesBuildPhase section */

/* Begin PBXShellScriptBuildPhase section */
		D4A90D3097F6440688136D76 /* Check Pods Manifest.lock */ = {
			isa = PBXShellScriptBuildPhase;
			buildActionMask = 2147483647;
			files = (
			);
			inputPaths = (
			);
			name = "Check Pods Manifest.lock";
			outputPaths = (
			);
			runOnlyForDeploymentPostprocessing = 0;
			shellPath = /bin/sh;
			shellScript = "diff \"${PODS_ROOT}/../Podfile.lock\" \"${PODS_ROOT}/Manifest.lock\" > /dev/null\nif [[ $? != 0 ]] ; then\n    cat << EOM\nerror: The sandbox is not in sync with the Podfile.lock. Run 'pod install' or update your CocoaPods installation.\nEOM\n    exit 1\nfi\n";
			showEnvVarsInLog = 0;
		};
		EF7559A3DEA34067842B766C /* Copy Pods Resources */ = {
			isa = PBXShellScriptBuildPhase;
			buildActionMask = 2147483647;
			files = (
			);
			inputPaths = (
			);
			name = "Copy Pods Resources";
			outputPaths = (
			);
			runOnlyForDeploymentPostprocessing = 0;
			shellPath = /bin/sh;
			shellScript = "\"${SRCROOT}/Pods/Pods-Diplom-resources.sh\"\n";
			showEnvVarsInLog = 0;
		};
/* End PBXShellScriptBuildPhase section */

/* Begin PBXSourcesBuildPhase section */
		88A01222189E85600051D570 /* Sources */ = {
			isa = PBXSourcesBuildPhase;
			buildActionMask = 2147483647;
			files = (
				88B72C9E18FD9DEA000EF289 /* RPEtalonController.m in Sources */,
				88A0126F189E86E20051D570 /* RPEventHelper.m in Sources */,
				88EA100718F9694500446348 /* RPDatePickerModalController.m in Sources */,
				88663CC818F312E4008A796D /* RPCorporativeStandartsController.m in Sources */,
				88A3BFBD18FB0D4500E975B8 /* RPStatesModalController.m in Sources */,
				88A01270189E86E20051D570 /* UIColorAdditions.m in Sources */,
				88A7C01C18FA7E5C00F61293 /* RPEditDiagnosticValueController.m in Sources */,
				88A3BFB918FAF9BF00E975B8 /* RPSimulationWithoutAIService.mm in Sources */,
				88A0123A189E85600051D570 /* RPAppDelegate.mm in Sources */,
				88216280190C11A1008BB0B4 /* RPModelPreviewCell.m in Sources */,
				88B72CA118FDB0C7000EF289 /* RPSimulationResult.m in Sources */,
				88EA100418F95FDA00446348 /* RPBaseModalController.m in Sources */,
				8811D82918F9708A00BA0171 /* RPCreateDiagnosticValuesController.m in Sources */,
				88A3BFB618FAAD9600E975B8 /* RPMethodPickerController.m in Sources */,
				88A01262189E86580051D570 /* RPBaseController.m in Sources */,
				88A01267189E867F0051D570 /* RPStartController.m in Sources */,
				88B72CA518FDB515000EF289 /* RPSimulationResultCell.m in Sources */,
				8821627C190C0FE3008BB0B4 /* RPModelPreviewModalController.m in Sources */,
				88FF43C01916BC9200EDA995 /* RPCompareSimulationsController.m in Sources */,
				88E5398D18FA8DC00086DACD /* RPDiagnosticState.m in Sources */,
				88A3BFAE18FAA1CA00E975B8 /* RPModel.m in Sources */,
				8811D82C18F9725900BA0171 /* RPDiagnosticObject.m in Sources */,
				88216277190C0D9D008BB0B4 /* RPModelPreviewController.m in Sources */,
				88A01236189E85600051D570 /* main.m in Sources */,
				88AEEDF818B0B4E300597987 /* RPProjectModelController.m in Sources */,
				88A3BFB218FAA81D00E975B8 /* RPSimulationWithoutAIController.m in Sources */,
			);
			runOnlyForDeploymentPostprocessing = 0;
		};
		88A01243189E85600051D570 /* Sources */ = {
			isa = PBXSourcesBuildPhase;
			buildActionMask = 2147483647;
			files = (
			);
			runOnlyForDeploymentPostprocessing = 0;
		};
/* End PBXSourcesBuildPhase section */

/* Begin PBXTargetDependency section */
		88A0124D189E85600051D570 /* PBXTargetDependency */ = {
			isa = PBXTargetDependency;
			target = 88A01225189E85600051D570 /* Diplom */;
			targetProxy = 88A0124C189E85600051D570 /* PBXContainerItemProxy */;
		};
/* End PBXTargetDependency section */

/* Begin PBXVariantGroup section */
		88A01232189E85600051D570 /* InfoPlist.strings */ = {
			isa = PBXVariantGroup;
			children = (
				88A01233189E85600051D570 /* en */,
			);
			name = InfoPlist.strings;
			sourceTree = "<group>";
		};
/* End PBXVariantGroup section */

/* Begin XCBuildConfiguration section */
		88A01256189E85600051D570 /* Debug */ = {
			isa = XCBuildConfiguration;
			buildSettings = {
				ALWAYS_SEARCH_USER_PATHS = NO;
				ARCHS = "$(ARCHS_STANDARD_INCLUDING_64_BIT)";
				CLANG_CXX_LANGUAGE_STANDARD = "gnu++0x";
				CLANG_CXX_LIBRARY = "libc++";
				CLANG_ENABLE_MODULES = YES;
				CLANG_ENABLE_OBJC_ARC = YES;
				CLANG_WARN_BOOL_CONVERSION = YES;
				CLANG_WARN_CONSTANT_CONVERSION = YES;
				CLANG_WARN_DIRECT_OBJC_ISA_USAGE = YES_ERROR;
				CLANG_WARN_EMPTY_BODY = YES;
				CLANG_WARN_ENUM_CONVERSION = YES;
				CLANG_WARN_INT_CONVERSION = YES;
				CLANG_WARN_OBJC_ROOT_CLASS = YES_ERROR;
				CLANG_WARN__DUPLICATE_METHOD_MATCH = YES;
				"CODE_SIGN_IDENTITY[sdk=iphoneos*]" = "iPhone Developer";
				COPY_PHASE_STRIP = NO;
				GCC_C_LANGUAGE_STANDARD = gnu99;
				GCC_DYNAMIC_NO_PIC = NO;
				GCC_OPTIMIZATION_LEVEL = 0;
				GCC_PREPROCESSOR_DEFINITIONS = (
					"DEBUG=1",
					"$(inherited)",
				);
				GCC_SYMBOLS_PRIVATE_EXTERN = NO;
				GCC_WARN_64_TO_32_BIT_CONVERSION = YES;
				GCC_WARN_ABOUT_RETURN_TYPE = YES_ERROR;
				GCC_WARN_UNDECLARED_SELECTOR = YES;
				GCC_WARN_UNINITIALIZED_AUTOS = YES;
				GCC_WARN_UNUSED_FUNCTION = YES;
				GCC_WARN_UNUSED_VARIABLE = YES;
				IPHONEOS_DEPLOYMENT_TARGET = 7.0;
				ONLY_ACTIVE_ARCH = YES;
				SDKROOT = iphoneos;
				TARGETED_DEVICE_FAMILY = 2;
			};
			name = Debug;
		};
		88A01257189E85600051D570 /* Release */ = {
			isa = XCBuildConfiguration;
			buildSettings = {
				ALWAYS_SEARCH_USER_PATHS = NO;
				ARCHS = "$(ARCHS_STANDARD_INCLUDING_64_BIT)";
				CLANG_CXX_LANGUAGE_STANDARD = "gnu++0x";
				CLANG_CXX_LIBRARY = "libc++";
				CLANG_ENABLE_MODULES = YES;
				CLANG_ENABLE_OBJC_ARC = YES;
				CLANG_WARN_BOOL_CONVERSION = YES;
				CLANG_WARN_CONSTANT_CONVERSION = YES;
				CLANG_WARN_DIRECT_OBJC_ISA_USAGE = YES_ERROR;
				CLANG_WARN_EMPTY_BODY = YES;
				CLANG_WARN_ENUM_CONVERSION = YES;
				CLANG_WARN_INT_CONVERSION = YES;
				CLANG_WARN_OBJC_ROOT_CLASS = YES_ERROR;
				CLANG_WARN__DUPLICATE_METHOD_MATCH = YES;
				"CODE_SIGN_IDENTITY[sdk=iphoneos*]" = "iPhone Developer";
				COPY_PHASE_STRIP = YES;
				ENABLE_NS_ASSERTIONS = NO;
				GCC_C_LANGUAGE_STANDARD = gnu99;
				GCC_WARN_64_TO_32_BIT_CONVERSION = YES;
				GCC_WARN_ABOUT_RETURN_TYPE = YES_ERROR;
				GCC_WARN_UNDECLARED_SELECTOR = YES;
				GCC_WARN_UNINITIALIZED_AUTOS = YES;
				GCC_WARN_UNUSED_FUNCTION = YES;
				GCC_WARN_UNUSED_VARIABLE = YES;
				IPHONEOS_DEPLOYMENT_TARGET = 7.0;
				SDKROOT = iphoneos;
				TARGETED_DEVICE_FAMILY = 2;
				VALIDATE_PRODUCT = YES;
			};
			name = Release;
		};
		88A01259189E85600051D570 /* Debug */ = {
			isa = XCBuildConfiguration;
			baseConfigurationReference = DBEE337D87C6481CA643EB2C /* Pods-Diplom.xcconfig */;
			buildSettings = {
				ASSETCATALOG_COMPILER_APPICON_NAME = AppIcon;
				ASSETCATALOG_COMPILER_LAUNCHIMAGE_NAME = LaunchImage;
				"CODE_SIGN_IDENTITY[sdk=iphoneos*]" = "iPhone Distribution: Fiverun, Inc.";
				GCC_PRECOMPILE_PREFIX_HEADER = YES;
				GCC_PREFIX_HEADER = "Diplom/Diplom-Prefix.pch";
				INFOPLIST_FILE = "Diplom/Diplom-Info.plist";
				PRODUCT_NAME = "$(TARGET_NAME)";
				PROVISIONING_PROFILE = "A8835C96-3DD5-4E32-A361-E54A5AA0B4A4";
				WRAPPER_EXTENSION = app;
			};
			name = Debug;
		};
		88A0125A189E85600051D570 /* Release */ = {
			isa = XCBuildConfiguration;
			baseConfigurationReference = DBEE337D87C6481CA643EB2C /* Pods-Diplom.xcconfig */;
			buildSettings = {
				ASSETCATALOG_COMPILER_APPICON_NAME = AppIcon;
				ASSETCATALOG_COMPILER_LAUNCHIMAGE_NAME = LaunchImage;
				"CODE_SIGN_IDENTITY[sdk=iphoneos*]" = "iPhone Distribution: Fiverun, Inc.";
				GCC_PRECOMPILE_PREFIX_HEADER = YES;
				GCC_PREFIX_HEADER = "Diplom/Diplom-Prefix.pch";
				INFOPLIST_FILE = "Diplom/Diplom-Info.plist";
				PRODUCT_NAME = "$(TARGET_NAME)";
				PROVISIONING_PROFILE = "A8835C96-3DD5-4E32-A361-E54A5AA0B4A4";
				WRAPPER_EXTENSION = app;
			};
			name = Release;
		};
		88A0125C189E85600051D570 /* Debug */ = {
			isa = XCBuildConfiguration;
			buildSettings = {
				ARCHS = "$(ARCHS_STANDARD_INCLUDING_64_BIT)";
				BUNDLE_LOADER = "$(BUILT_PRODUCTS_DIR)/Diplom.app/Diplom";
				FRAMEWORK_SEARCH_PATHS = (
					"$(SDKROOT)/Developer/Library/Frameworks",
					"$(inherited)",
					"$(DEVELOPER_FRAMEWORKS_DIR)",
				);
				GCC_PRECOMPILE_PREFIX_HEADER = YES;
				GCC_PREFIX_HEADER = "Diplom/Diplom-Prefix.pch";
				GCC_PREPROCESSOR_DEFINITIONS = (
					"DEBUG=1",
					"$(inherited)",
				);
				INFOPLIST_FILE = "DiplomTests/DiplomTests-Info.plist";
				PRODUCT_NAME = "$(TARGET_NAME)";
				TEST_HOST = "$(BUNDLE_LOADER)";
				WRAPPER_EXTENSION = xctest;
			};
			name = Debug;
		};
		88A0125D189E85600051D570 /* Release */ = {
			isa = XCBuildConfiguration;
			buildSettings = {
				ARCHS = "$(ARCHS_STANDARD_INCLUDING_64_BIT)";
				BUNDLE_LOADER = "$(BUILT_PRODUCTS_DIR)/Diplom.app/Diplom";
				FRAMEWORK_SEARCH_PATHS = (
					"$(SDKROOT)/Developer/Library/Frameworks",
					"$(inherited)",
					"$(DEVELOPER_FRAMEWORKS_DIR)",
				);
				GCC_PRECOMPILE_PREFIX_HEADER = YES;
				GCC_PREFIX_HEADER = "Diplom/Diplom-Prefix.pch";
				INFOPLIST_FILE = "DiplomTests/DiplomTests-Info.plist";
				PRODUCT_NAME = "$(TARGET_NAME)";
				TEST_HOST = "$(BUNDLE_LOADER)";
				WRAPPER_EXTENSION = xctest;
			};
			name = Release;
		};
/* End XCBuildConfiguration section */

/* Begin XCConfigurationList section */
		88A01221189E85600051D570 /* Build configuration list for PBXProject "Diplom" */ = {
			isa = XCConfigurationList;
			buildConfigurations = (
				88A01256189E85600051D570 /* Debug */,
				88A01257189E85600051D570 /* Release */,
			);
			defaultConfigurationIsVisible = 0;
			defaultConfigurationName = Release;
		};
		88A01258189E85600051D570 /* Build configuration list for PBXNativeTarget "Diplom" */ = {
			isa = XCConfigurationList;
			buildConfigurations = (
				88A01259189E85600051D570 /* Debug */,
				88A0125A189E85600051D570 /* Release */,
			);
			defaultConfigurationIsVisible = 0;
			defaultConfigurationName = Release;
		};
		88A0125B189E85600051D570 /* Build configuration list for PBXNativeTarget "DiplomTests" */ = {
			isa = XCConfigurationList;
			buildConfigurations = (
				88A0125C189E85600051D570 /* Debug */,
				88A0125D189E85600051D570 /* Release */,
			);
			defaultConfigurationIsVisible = 0;
			defaultConfigurationName = Release;
		};
/* End XCConfigurationList section */
	};
	rootObject = 88A0121E189E85600051D570 /* Project object */;
}
